
Microsoft Visual Studio Solution File, Format Version 12.00
# Visual Studio 15
VisualStudioVersion = 15.0.28010.2046
MinimumVisualStudioVersion = 10.0.40219.1
Project("{FAE04EC0-301F-11D3-BF4B-00C04F79EFBC}") = "WebApplication1", "WebApplication1\WebApplication1.csproj", "{B268ABDC-CFF9-44AF-9AB7-7A28452E3631}"
EndProject
Global
	GlobalSection(SolutionConfigurationPlatforms) = preSolution
		Debug|Any CPU = Debug|Any CPU
		Release|Any CPU = Release|Any CPU
	EndGlobalSection
	GlobalSection(ProjectConfigurationPlatforms) = postSolution
		{B268ABDC-CFF9-44AF-9AB7-7A28452E3631}.Debug|Any CPU.ActiveCfg = Debug|Any CPU
		{B268ABDC-CFF9-44AF-9AB7-7A28452E3631}.Debug|Any CPU.Build.0 = Debug|Any CPU
		{B268ABDC-CFF9-44AF-9AB7-7A28452E3631}.Release|Any CPU.ActiveCfg = Release|Any CPU
		{B268ABDC-CFF9-44AF-9AB7-7A28452E3631}.Release|Any CPU.Build.0 = Release|Any CPU
	EndGlobalSection
	GlobalSection(SolutionProperties) = preSolution
		HideSolutionNode = FALSE
	EndGlobalSection
	GlobalSection(ExtensibilityGlobals) = postSolution
		SolutionGuid = {9E78D519-F033-4BD7-814C-5FAE0E1BCDBC}
	EndGlobalSection
EndGlobal
